
Microsoft Visual Studio Solution File, Format Version 12.00
# Visual Studio Version 17
VisualStudioVersion = 17.14.36202.13 d17.14
MinimumVisualStudioVersion = 10.0.40219.1
Project("{FAE04EC0-301F-11D3-BF4B-00C04F79EFBC}") = "Employees Management System", "Employees Management System\Employees Management System.csproj", "{37019A9C-5614-401B-8C57-4D7CF9E625DF}"
EndProject
Global
	GlobalSection(SolutionConfigurationPlatforms) = preSolution
		Debug|Any CPU = Debug|Any CPU
		Release|Any CPU = Release|Any CPU
	EndGlobalSection
	GlobalSection(ProjectConfigurationPlatforms) = postSolution
		{37019A9C-5614-401B-8C57-4D7CF9E625DF}.Debug|Any CPU.ActiveCfg = Debug|Any CPU
		{37019A9C-5614-401B-8C57-4D7CF9E625DF}.Debug|Any CPU.Build.0 = Debug|Any CPU
		{37019A9C-5614-401B-8C57-4D7CF9E625DF}.Release|Any CPU.ActiveCfg = Release|Any CPU
		{37019A9C-5614-401B-8C57-4D7CF9E625DF}.Release|Any CPU.Build.0 = Release|Any CPU
	EndGlobalSection
	GlobalSection(SolutionProperties) = preSolution
		HideSolutionNode = FALSE
	EndGlobalSection
	GlobalSection(ExtensibilityGlobals) = postSolution
		SolutionGuid = {A39E079F-AEEA-4069-97F5-106707084CE3}
	EndGlobalSection
EndGlobal
