
Microsoft Visual Studio Solution File, Format Version 12.00
# Visual Studio Version 17
VisualStudioVersion = 17.14.36202.13 d17.14
MinimumVisualStudioVersion = 10.0.40219.1
Project("{FAE04EC0-301F-11D3-BF4B-00C04F79EFBC}") = "QuizWebApplication", "QuizWebApplication\QuizWebApplication.csproj", "{743BE210-DC99-4413-8BD7-17182DCEC34A}"
EndProject
Global
	GlobalSection(SolutionConfigurationPlatforms) = preSolution
		Debug|Any CPU = Debug|Any CPU
		Release|Any CPU = Release|Any CPU
	EndGlobalSection
	GlobalSection(ProjectConfigurationPlatforms) = postSolution
		{743BE210-DC99-4413-8BD7-17182DCEC34A}.Debug|Any CPU.ActiveCfg = Debug|Any CPU
		{743BE210-DC99-4413-8BD7-17182DCEC34A}.Debug|Any CPU.Build.0 = Debug|Any CPU
		{743BE210-DC99-4413-8BD7-17182DCEC34A}.Release|Any CPU.ActiveCfg = Release|Any CPU
		{743BE210-DC99-4413-8BD7-17182DCEC34A}.Release|Any CPU.Build.0 = Release|Any CPU
	EndGlobalSection
	GlobalSection(SolutionProperties) = preSolution
		HideSolutionNode = FALSE
	EndGlobalSection
	GlobalSection(ExtensibilityGlobals) = postSolution
		SolutionGuid = {1B1DA8C7-B185-4E86-B08D-249F7E10DEF6}
	EndGlobalSection
EndGlobal
